
Microsoft Visual Studio Solution File, Format Version 12.00
# Visual Studio 2012
Project("{8BC9CEB8-8B4A-11D0-8D11-00A0C91BC942}") = "OSISP3", "OSISP3\OSISP3.vcxproj", "{A82C39F2-7937-4856-92F3-93B01F775C5B}"
EndProject
Global
	GlobalSection(SolutionConfigurationPlatforms) = preSolution
		Debug|Win32 = Debug|Win32
		Release|Win32 = Release|Win32
	EndGlobalSection
	GlobalSection(ProjectConfigurationPlatforms) = postSolution
		{A82C39F2-7937-4856-92F3-93B01F775C5B}.Debug|Win32.ActiveCfg = Debug|Win32
		{A82C39F2-7937-4856-92F3-93B01F775C5B}.Debug|Win32.Build.0 = Debug|Win32
		{A82C39F2-7937-4856-92F3-93B01F775C5B}.Release|Win32.ActiveCfg = Release|Win32
		{A82C39F2-7937-4856-92F3-93B01F775C5B}.Release|Win32.Build.0 = Release|Win32
	EndGlobalSection
	GlobalSection(SolutionProperties) = preSolution
		HideSolutionNode = FALSE
	EndGlobalSection
EndGlobal
